
Microsoft Visual Studio Solution File, Format Version 12.00
# Visual Studio Version 17
VisualStudioVersion = 17.4.33213.308
MinimumVisualStudioVersion = 10.0.40219.1
Project("{FAE04EC0-301F-11D3-BF4B-00C04F79EFBC}") = "Hackathon", "Hackathon.csproj", "{6DF4322D-8ABC-4C89-A8A2-D8FC91BBD83D}"
EndProject
Global
	GlobalSection(SolutionConfigurationPlatforms) = preSolution
		Debug|Any CPU = Debug|Any CPU
		Release|Any CPU = Release|Any CPU
	EndGlobalSection
	GlobalSection(ProjectConfigurationPlatforms) = postSolution
		{6DF4322D-8ABC-4C89-A8A2-D8FC91BBD83D}.Debug|Any CPU.ActiveCfg = Debug|Any CPU
		{6DF4322D-8ABC-4C89-A8A2-D8FC91BBD83D}.Debug|Any CPU.Build.0 = Debug|Any CPU
		{6DF4322D-8ABC-4C89-A8A2-D8FC91BBD83D}.Release|Any CPU.ActiveCfg = Release|Any CPU
		{6DF4322D-8ABC-4C89-A8A2-D8FC91BBD83D}.Release|Any CPU.Build.0 = Release|Any CPU
	EndGlobalSection
	GlobalSection(SolutionProperties) = preSolution
		HideSolutionNode = FALSE
	EndGlobalSection
	GlobalSection(ExtensibilityGlobals) = postSolution
		SolutionGuid = {B2367AAD-4DCA-48EF-9FC9-2E2ED4AA1E78}
	EndGlobalSection
EndGlobal
